// !$*UTF8*$!
{
	archiveVersion = 1;
	classes = {
	};
	objectVersion = 50;
	objects = {

/* Begin PBXBuildFile section */
		D9C9242C2409450600838A48 /* AppDelegate.swift in Sources */ = {isa = PBXBuildFile; fileRef = D9C9242B2409450600838A48 /* AppDelegate.swift */; };
		D9C9242E2409450600838A48 /* SceneDelegate.swift in Sources */ = {isa = PBXBuildFile; fileRef = D9C9242D2409450600838A48 /* SceneDelegate.swift */; };
		D9C924302409450600838A48 /* CategoriesVc.swift in Sources */ = {isa = PBXBuildFile; fileRef = D9C9242F2409450600838A48 /* CategoriesVc.swift */; };
		D9C924332409450600838A48 /* Main.storyboard in Resources */ = {isa = PBXBuildFile; fileRef = D9C924312409450600838A48 /* Main.storyboard */; };
		D9C924352409450A00838A48 /* Assets.xcassets in Resources */ = {isa = PBXBuildFile; fileRef = D9C924342409450A00838A48 /* Assets.xcassets */; };
		D9C924382409450A00838A48 /* LaunchScreen.storyboard in Resources */ = {isa = PBXBuildFile; fileRef = D9C924362409450A00838A48 /* LaunchScreen.storyboard */; };
		D9C92444240953B600838A48 /* CategoryCell.swift in Sources */ = {isa = PBXBuildFile; fileRef = D9C92442240953B600838A48 /* CategoryCell.swift */; };
		D9EBF99024098EFE00F740CB /* CategoryData.swift in Sources */ = {isa = PBXBuildFile; fileRef = D9EBF98F24098EFE00F740CB /* CategoryData.swift */; };
		D9EBF9922409920200F740CB /* DataServices.swift in Sources */ = {isa = PBXBuildFile; fileRef = D9EBF9912409920200F740CB /* DataServices.swift */; };
/* End PBXBuildFile section */

/* Begin PBXFileReference section */
		D9C924282409450600838A48 /* Coder Swag.app */ = {isa = PBXFileReference; explicitFileType = wrapper.application; includeInIndex = 0; path = "Coder Swag.app"; sourceTree = BUILT_PRODUCTS_DIR; };
		D9C9242B2409450600838A48 /* AppDelegate.swift */ = {isa = PBXFileReference; lastKnownFileType = sourcecode.swift; path = AppDelegate.swift; sourceTree = "<group>"; };
		D9C9242D2409450600838A48 /* SceneDelegate.swift */ = {isa = PBXFileReference; lastKnownFileType = sourcecode.swift; path = SceneDelegate.swift; sourceTree = "<group>"; };
		D9C9242F2409450600838A48 /* CategoriesVc.swift */ = {isa = PBXFileReference; lastKnownFileType = sourcecode.swift; path = CategoriesVc.swift; sourceTree = "<group>"; };
		D9C924322409450600838A48 /* Base */ = {isa = PBXFileReference; lastKnownFileType = file.storyboard; name = Base; path = Base.lproj/Main.storyboard; sourceTree = "<group>"; };
		D9C924342409450A00838A48 /* Assets.xcassets */ = {isa = PBXFileReference; lastKnownFileType = folder.assetcatalog; path = Assets.xcassets; sourceTree = "<group>"; };
		D9C924372409450A00838A48 /* Base */ = {isa = PBXFileReference; lastKnownFileType = file.storyboard; name = Base; path = Base.lproj/LaunchScreen.storyboard; sourceTree = "<group>"; };
		D9C924392409450A00838A48 /* Info.plist */ = {isa = PBXFileReference; lastKnownFileType = text.plist.xml; path = Info.plist; sourceTree = "<group>"; };
		D9C92442240953B600838A48 /* CategoryCell.swift */ = {isa = PBXFileReference; lastKnownFileType = sourcecode.swift; path = CategoryCell.swift; sourceTree = "<group>"; };
		D9EBF98F24098EFE00F740CB /* CategoryData.swift */ = {isa = PBXFileReference; lastKnownFileType = sourcecode.swift; path = CategoryData.swift; sourceTree = "<group>"; };
		D9EBF9912409920200F740CB /* DataServices.swift */ = {isa = PBXFileReference; lastKnownFileType = sourcecode.swift; path = DataServices.swift; sourceTree = "<group>"; };
/* End PBXFileReference section */

/* Begin PBXFrameworksBuildPhase section */
		D9C924252409450500838A48 /* Frameworks */ = {
			isa = PBXFrameworksBuildPhase;
			buildActionMask = 2147483647;
			files = (
			);
			runOnlyForDeploymentPostprocessing = 0;
		};
/* End PBXFrameworksBuildPhase section */

/* Begin PBXGroup section */
		D9C9241F2409450500838A48 = {
			isa = PBXGroup;
			children = (
				D9C9242A2409450600838A48 /* Coder Swag */,
				D9C924292409450600838A48 /* Products */,
			);
			sourceTree = "<group>";
		};
		D9C924292409450600838A48 /* Products */ = {
			isa = PBXGroup;
			children = (
				D9C924282409450600838A48 /* Coder Swag.app */,
			);
			name = Products;
			sourceTree = "<group>";
		};
		D9C9242A2409450600838A48 /* Coder Swag */ = {
			isa = PBXGroup;
			children = (
				D9EBF98E24098ED000F740CB /* Services */,
				D9C924412409537E00838A48 /* Controller */,
				D9C924402409537600838A48 /* Views */,
				D9C9243F2409535800838A48 /* Models */,
				D9C9242B2409450600838A48 /* AppDelegate.swift */,
				D9C9242D2409450600838A48 /* SceneDelegate.swift */,
				D9C924312409450600838A48 /* Main.storyboard */,
				D9C924342409450A00838A48 /* Assets.xcassets */,
				D9C924362409450A00838A48 /* LaunchScreen.storyboard */,
				D9C924392409450A00838A48 /* Info.plist */,
			);
			path = "Coder Swag";
			sourceTree = "<group>";
		};
		D9C9243F2409535800838A48 /* Models */ = {
			isa = PBXGroup;
			children = (
				D9EBF98F24098EFE00F740CB /* CategoryData.swift */,
			);
			path = Models;
			sourceTree = "<group>";
		};
		D9C924402409537600838A48 /* Views */ = {
			isa = PBXGroup;
			children = (
				D9C92442240953B600838A48 /* CategoryCell.swift */,
			);
			path = Views;
			sourceTree = "<group>";
		};
		D9C924412409537E00838A48 /* Controller */ = {
			isa = PBXGroup;
			children = (
				D9C9242F2409450600838A48 /* CategoriesVc.swift */,
			);
			path = Controller;
			sourceTree = "<group>";
		};
		D9EBF98E24098ED000F740CB /* Services */ = {
			isa = PBXGroup;
			children = (
				D9EBF9912409920200F740CB /* DataServices.swift */,
			);
			path = Services;
			sourceTree = "<group>";
		};
/* End PBXGroup section */

/* Begin PBXNativeTarget section */
		D9C924272409450500838A48 /* Coder Swag */ = {
			isa = PBXNativeTarget;
			buildConfigurationList = D9C9243C2409450A00838A48 /* Build configuration list for PBXNativeTarget "Coder Swag" */;
			buildPhases = (
				D9C924242409450500838A48 /* Sources */,
				D9C924252409450500838A48 /* Frameworks */,
				D9C924262409450500838A48 /* Resources */,
			);
			buildRules = (
			);
			dependencies = (
			);
			name = "Coder Swag";
			productName = "Coder Swag";
			productReference = D9C924282409450600838A48 /* Coder Swag.app */;
			productType = "com.apple.product-type.application";
		};
/* End PBXNativeTarget section */

/* Begin PBXProject section */
		D9C924202409450500838A48 /* Project object */ = {
			isa = PBXProject;
			attributes = {
				LastSwiftUpdateCheck = 1130;
				LastUpgradeCheck = 1130;
				ORGANIZATIONNAME = Mohamed;
				TargetAttributes = {
					D9C924272409450500838A48 = {
						CreatedOnToolsVersion = 11.3.1;
					};
				};
			};
			buildConfigurationList = D9C924232409450500838A48 /* Build configuration list for PBXProject "Coder Swag" */;
			compatibilityVersion = "Xcode 9.3";
			developmentRegion = en;
			hasScannedForEncodings = 0;
			knownRegions = (
				en,
				Base,
			);
			mainGroup = D9C9241F2409450500838A48;
			productRefGroup = D9C924292409450600838A48 /* Products */;
			projectDirPath = "";
			projectRoot = "";
			targets = (
				D9C924272409450500838A48 /* Coder Swag */,
			);
		};
/* End PBXProject section */

/* Begin PBXResourcesBuildPhase section */
		D9C924262409450500838A48 /* Resources */ = {
			isa = PBXResourcesBuildPhase;
			buildActionMask = 2147483647;
			files = (
				D9C924382409450A00838A48 /* LaunchScreen.storyboard in Resources */,
				D9C924352409450A00838A48 /* Assets.xcassets in Resources */,
				D9C924332409450600838A48 /* Main.storyboard in Resources */,
			);
			runOnlyForDeploymentPostprocessing = 0;
		};
/* End PBXResourcesBuildPhase section */

/* Begin PBXSourcesBuildPhase section */
		D9C924242409450500838A48 /* Sources */ = {
			isa = PBXSourcesBuildPhase;
			buildActionMask = 2147483647;
			files = (
				D9EBF99024098EFE00F740CB /* CategoryData.swift in Sources */,
				D9EBF9922409920200F740CB /* DataServices.swift in Sources */,
				D9C924302409450600838A48 /* CategoriesVc.swift in Sources */,
				D9C9242C2409450600838A48 /* AppDelegate.swift in Sources */,
				D9C9242E2409450600838A48 /* SceneDelegate.swift in Sources */,
				D9C92444240953B600838A48 /* CategoryCell.swift in Sources */,
			);
			runOnlyForDeploymentPostprocessing = 0;
		};
/* End PBXSourcesBuildPhase section */

/* Begin PBXVariantGroup section */
		D9C924312409450600838A48 /* Main.storyboard */ = {
			isa = PBXVariantGroup;
			children = (
				D9C924322409450600838A48 /* Base */,
			);
			name = Main.storyboard;
			sourceTree = "<group>";
		};
		D9C924362409450A00838A48 /* LaunchScreen.storyboard */ = {
			isa = PBXVariantGroup;
			children = (
				D9C924372409450A00838A48 /* Base */,
			);
			name = LaunchScreen.storyboard;
			sourceTree = "<group>";
		};
/* End PBXVariantGroup section */

/* Begin XCBuildConfiguration section */
		D9C9243A2409450A00838A48 /* Debug */ = {
			isa = XCBuildConfiguration;
			buildSettings = {
				ALWAYS_SEARCH_USER_PATHS = NO;
				CLANG_ANALYZER_NONNULL = YES;
				CLANG_ANALYZER_NUMBER_OBJECT_CONVERSION = YES_AGGRESSIVE;
				CLANG_CXX_LANGUAGE_STANDARD = "gnu++14";
				CLANG_CXX_LIBRARY = "libc++";
				CLANG_ENABLE_MODULES = YES;
				CLANG_ENABLE_OBJC_ARC = YES;
				CLANG_ENABLE_OBJC_WEAK = YES;
				CLANG_WARN_BLOCK_CAPTURE_AUTORELEASING = YES;
				CLANG_WARN_BOOL_CONVERSION = YES;
				CLANG_WARN_COMMA = YES;
				CLANG_WARN_CONSTANT_CONVERSION = YES;
				CLANG_WARN_DEPRECATED_OBJC_IMPLEMENTATIONS = YES;
				CLANG_WARN_DIRECT_OBJC_ISA_USAGE = YES_ERROR;
				CLANG_WARN_DOCUMENTATION_COMMENTS = YES;
				CLANG_WARN_EMPTY_BODY = YES;
				CLANG_WARN_ENUM_CONVERSION = YES;
				CLANG_WARN_INFINITE_RECURSION = YES;
				CLANG_WARN_INT_CONVERSION = YES;
				CLANG_WARN_NON_LITERAL_NULL_CONVERSION = YES;
				CLANG_WARN_OBJC_IMPLICIT_RETAIN_SELF = YES;
				CLANG_WARN_OBJC_LITERAL_CONVERSION = YES;
				CLANG_WARN_OBJC_ROOT_CLASS = YES_ERROR;
				CLANG_WARN_RANGE_LOOP_ANALYSIS = YES;
				CLANG_WARN_STRICT_PROTOTYPES = YES;
				CLANG_WARN_SUSPICIOUS_MOVE = YES;
				CLANG_WARN_UNGUARDED_AVAILABILITY = YES_AGGRESSIVE;
				CLANG_WARN_UNREACHABLE_CODE = YES;
				CLANG_WARN__DUPLICATE_METHOD_MATCH = YES;
				COPY_PHASE_STRIP = NO;
				DEBUG_INFORMATION_FORMAT = dwarf;
				ENABLE_STRICT_OBJC_MSGSEND = YES;
				ENABLE_TESTABILITY = YES;
				GCC_C_LANGUAGE_STANDARD = gnu11;
				GCC_DYNAMIC_NO_PIC = NO;
				GCC_NO_COMMON_BLOCKS = YES;
				GCC_OPTIMIZATION_LEVEL = 0;
				GCC_PREPROCESSOR_DEFINITIONS = (
					"DEBUG=1",
					"$(inherited)",
				);
				GCC_WARN_64_TO_32_BIT_CONVERSION = YES;
				GCC_WARN_ABOUT_RETURN_TYPE = YES_ERROR;
				GCC_WARN_UNDECLARED_SELECTOR = YES;
				GCC_WARN_UNINITIALIZED_AUTOS = YES_AGGRESSIVE;
				GCC_WARN_UNUSED_FUNCTION = YES;
				GCC_WARN_UNUSED_VARIABLE = YES;
				IPHONEOS_DEPLOYMENT_TARGET = 13.2;
				MTL_ENABLE_DEBUG_INFO = INCLUDE_SOURCE;
				MTL_FAST_MATH = YES;
				ONLY_ACTIVE_ARCH = YES;
				SDKROOT = iphoneos;
				SWIFT_ACTIVE_COMPILATION_CONDITIONS = DEBUG;
				SWIFT_OPTIMIZATION_LEVEL = "-Onone";
			};
			name = Debug;
		};
		D9C9243B2409450A00838A48 /* Release */ = {
			isa = XCBuildConfiguration;
			buildSettings = {
				ALWAYS_SEARCH_USER_PATHS = NO;
				CLANG_ANALYZER_NONNULL = YES;
				CLANG_ANALYZER_NUMBER_OBJECT_CONVERSION = YES_AGGRESSIVE;
				CLANG_CXX_LANGUAGE_STANDARD = "gnu++14";
				CLANG_CXX_LIBRARY = "libc++";
				CLANG_ENABLE_MODULES = YES;
				CLANG_ENABLE_OBJC_ARC = YES;
				CLANG_ENABLE_OBJC_WEAK = YES;
				CLANG_WARN_BLOCK_CAPTURE_AUTORELEASING = YES;
				CLANG_WARN_BOOL_CONVERSION = YES;
				CLANG_WARN_COMMA = YES;
				CLANG_WARN_CONSTANT_CONVERSION = YES;
				CLANG_WARN_DEPRECATED_OBJC_IMPLEMENTATIONS = YES;
				CLANG_WARN_DIRECT_OBJC_ISA_USAGE = YES_ERROR;
				CLANG_WARN_DOCUMENTATION_COMMENTS = YES;
				CLANG_WARN_EMPTY_BODY = YES;
				CLANG_WARN_ENUM_CONVERSION = YES;
				CLANG_WARN_INFINITE_RECURSION = YES;
				CLANG_WARN_INT_CONVERSION = YES;
				CLANG_WARN_NON_LITERAL_NULL_CONVERSION = YES;
				CLANG_WARN_OBJC_IMPLICIT_RETAIN_SELF = YES;
				CLANG_WARN_OBJC_LITERAL_CONVERSION = YES;
				CLANG_WARN_OBJC_ROOT_CLASS = YES_ERROR;
				CLANG_WARN_RANGE_LOOP_ANALYSIS = YES;
				CLANG_WARN_STRICT_PROTOTYPES = YES;
				CLANG_WARN_SUSPICIOUS_MOVE = YES;
				CLANG_WARN_UNGUARDED_AVAILABILITY = YES_AGGRESSIVE;
				CLANG_WARN_UNREACHABLE_CODE = YES;
				CLANG_WARN__DUPLICATE_METHOD_MATCH = YES;
				COPY_PHASE_STRIP = NO;
				DEBUG_INFORMATION_FORMAT = "dwarf-with-dsym";
				ENABLE_NS_ASSERTIONS = NO;
				ENABLE_STRICT_OBJC_MSGSEND = YES;
				GCC_C_LANGUAGE_STANDARD = gnu11;
				GCC_NO_COMMON_BLOCKS = YES;
				GCC_WARN_64_TO_32_BIT_CONVERSION = YES;
				GCC_WARN_ABOUT_RETURN_TYPE = YES_ERROR;
				GCC_WARN_UNDECLARED_SELECTOR = YES;
				GCC_WARN_UNINITIALIZED_AUTOS = YES_AGGRESSIVE;
				GCC_WARN_UNUSED_FUNCTION = YES;
				GCC_WARN_UNUSED_VARIABLE = YES;
				IPHONEOS_DEPLOYMENT_TARGET = 13.2;
				MTL_ENABLE_DEBUG_INFO = NO;
				MTL_FAST_MATH = YES;
				SDKROOT = iphoneos;
				SWIFT_COMPILATION_MODE = wholemodule;
				SWIFT_OPTIMIZATION_LEVEL = "-O";
				VALIDATE_PRODUCT = YES;
			};
			name = Release;
		};
		D9C9243D2409450A00838A48 /* Debug */ = {
			isa = XCBuildConfiguration;
			buildSettings = {
				ASSETCATALOG_COMPILER_APPICON_NAME = AppIcon;
				CODE_SIGN_STYLE = Automatic;
				INFOPLIST_FILE = "Coder Swag/Info.plist";
				LD_RUNPATH_SEARCH_PATHS = (
					"$(inherited)",
					"@executable_path/Frameworks",
				);
				PRODUCT_BUNDLE_IDENTIFIER = "VolaAgency.Coder-Swag";
				PRODUCT_NAME = "$(TARGET_NAME)";
				SWIFT_VERSION = 5.0;
				TARGETED_DEVICE_FAMILY = "1,2";
			};
			name = Debug;
		};
		D9C9243E2409450A00838A48 /* Release */ = {
			isa = XCBuildConfiguration;
			buildSettings = {
				ASSETCATALOG_COMPILER_APPICON_NAME = AppIcon;
				CODE_SIGN_STYLE = Automatic;
				INFOPLIST_FILE = "Coder Swag/Info.plist";
				LD_RUNPATH_SEARCH_PATHS = (
					"$(inherited)",
					"@executable_path/Frameworks",
				);
				PRODUCT_BUNDLE_IDENTIFIER = "VolaAgency.Coder-Swag";
				PRODUCT_NAME = "$(TARGET_NAME)";
				SWIFT_VERSION = 5.0;
				TARGETED_DEVICE_FAMILY = "1,2";
			};
			name = Release;
		};
/* End XCBuildConfiguration section */

/* Begin XCConfigurationList section */
		D9C924232409450500838A48 /* Build configuration list for PBXProject "Coder Swag" */ = {
			isa = XCConfigurationList;
			buildConfigurations = (
				D9C9243A2409450A00838A48 /* Debug */,
				D9C9243B2409450A00838A48 /* Release */,
			);
			defaultConfigurationIsVisible = 0;
			defaultConfigurationName = Release;
		};
		D9C9243C2409450A00838A48 /* Build configuration list for PBXNativeTarget "Coder Swag" */ = {
			isa = XCConfigurationList;
			buildConfigurations = (
				D9C9243D2409450A00838A48 /* Debug */,
				D9C9243E2409450A00838A48 /* Release */,
			);
			defaultConfigurationIsVisible = 0;
			defaultConfigurationName = Release;
		};
/* End XCConfigurationList section */
	};
	rootObject = D9C924202409450500838A48 /* Project object */;
}
